
Microsoft Visual Studio Solution File, Format Version 12.00
# Visual Studio Version 17
VisualStudioVersion = 17.8.34330.188
MinimumVisualStudioVersion = 10.0.40219.1
Project("{9A19103F-16F7-4668-BE54-9A1E7A4F7556}") = "CrystaliteSlicer", "CrystaliteSlicer\CrystaliteSlicer.csproj", "{54FC3BFD-8938-4B36-9E0E-070FCA868C0E}"
EndProject
Project("{9A19103F-16F7-4668-BE54-9A1E7A4F7556}") = "Models", "Models\Models.csproj", "{A71F9472-7B97-4542-858E-6716BF75F429}"
EndProject
Project("{FAE04EC0-301F-11D3-BF4B-00C04F79EFBC}") = "DebugSlicer", "DebugSlicer\DebugSlicer.csproj", "{78450E64-BBBE-40EA-AF5D-2E572AE93AD8}"
EndProject
Global
	GlobalSection(SolutionConfigurationPlatforms) = preSolution
		Debug|Any CPU = Debug|Any CPU
		Release|Any CPU = Release|Any CPU
	EndGlobalSection
	GlobalSection(ProjectConfigurationPlatforms) = postSolution
		{54FC3BFD-8938-4B36-9E0E-070FCA868C0E}.Debug|Any CPU.ActiveCfg = Debug|Any CPU
		{54FC3BFD-8938-4B36-9E0E-070FCA868C0E}.Debug|Any CPU.Build.0 = Debug|Any CPU
		{54FC3BFD-8938-4B36-9E0E-070FCA868C0E}.Release|Any CPU.ActiveCfg = Release|Any CPU
		{54FC3BFD-8938-4B36-9E0E-070FCA868C0E}.Release|Any CPU.Build.0 = Release|Any CPU
		{A71F9472-7B97-4542-858E-6716BF75F429}.Debug|Any CPU.ActiveCfg = Debug|Any CPU
		{A71F9472-7B97-4542-858E-6716BF75F429}.Debug|Any CPU.Build.0 = Debug|Any CPU
		{A71F9472-7B97-4542-858E-6716BF75F429}.Release|Any CPU.ActiveCfg = Release|Any CPU
		{A71F9472-7B97-4542-858E-6716BF75F429}.Release|Any CPU.Build.0 = Release|Any CPU
		{78450E64-BBBE-40EA-AF5D-2E572AE93AD8}.Debug|Any CPU.ActiveCfg = Debug|Any CPU
		{78450E64-BBBE-40EA-AF5D-2E572AE93AD8}.Debug|Any CPU.Build.0 = Debug|Any CPU
		{78450E64-BBBE-40EA-AF5D-2E572AE93AD8}.Release|Any CPU.ActiveCfg = Release|Any CPU
		{78450E64-BBBE-40EA-AF5D-2E572AE93AD8}.Release|Any CPU.Build.0 = Release|Any CPU
	EndGlobalSection
	GlobalSection(SolutionProperties) = preSolution
		HideSolutionNode = FALSE
	EndGlobalSection
	GlobalSection(ExtensibilityGlobals) = postSolution
		SolutionGuid = {12F8DEB7-2359-4884-9664-75EB2AE388EE}
	EndGlobalSection
EndGlobal
